
Microsoft Visual Studio Solution File, Format Version 12.00
# Visual Studio Version 17
VisualStudioVersion = 17.11.35327.3
MinimumVisualStudioVersion = 10.0.40219.1
Project("{9A19103F-16F7-4668-BE54-9A1E7A4F7556}") = "Lab2.DataAccess", "Lab2.DataAccess\Lab2.DataAccess.csproj", "{749357E7-E961-4591-8FCE-9EA8398136CF}"
EndProject
Project("{FAE04EC0-301F-11D3-BF4B-00C04F79EFBC}") = "Lab3.WpfApplication", "Lab3.WpfApplication\Lab3.WpfApplication.csproj", "{06CABDDB-51FC-48FE-AC3C-2C4BF705DA77}"
EndProject
Global
	GlobalSection(SolutionConfigurationPlatforms) = preSolution
		Debug|Any CPU = Debug|Any CPU
		Release|Any CPU = Release|Any CPU
	EndGlobalSection
	GlobalSection(ProjectConfigurationPlatforms) = postSolution
		{749357E7-E961-4591-8FCE-9EA8398136CF}.Debug|Any CPU.ActiveCfg = Debug|Any CPU
		{749357E7-E961-4591-8FCE-9EA8398136CF}.Debug|Any CPU.Build.0 = Debug|Any CPU
		{749357E7-E961-4591-8FCE-9EA8398136CF}.Release|Any CPU.ActiveCfg = Release|Any CPU
		{749357E7-E961-4591-8FCE-9EA8398136CF}.Release|Any CPU.Build.0 = Release|Any CPU
		{06CABDDB-51FC-48FE-AC3C-2C4BF705DA77}.Debug|Any CPU.ActiveCfg = Debug|Any CPU
		{06CABDDB-51FC-48FE-AC3C-2C4BF705DA77}.Debug|Any CPU.Build.0 = Debug|Any CPU
		{06CABDDB-51FC-48FE-AC3C-2C4BF705DA77}.Release|Any CPU.ActiveCfg = Release|Any CPU
		{06CABDDB-51FC-48FE-AC3C-2C4BF705DA77}.Release|Any CPU.Build.0 = Release|Any CPU
	EndGlobalSection
	GlobalSection(SolutionProperties) = preSolution
		HideSolutionNode = FALSE
	EndGlobalSection
	GlobalSection(ExtensibilityGlobals) = postSolution
		SolutionGuid = {CAE5A1E7-0E42-4841-88E9-8B86BF52A6E9}
	EndGlobalSection
EndGlobal
